
Microsoft Visual Studio Solution File, Format Version 12.00
# Visual Studio Version 17
VisualStudioVersion = 17.3.32929.385
MinimumVisualStudioVersion = 10.0.40219.1
Project("{9A19103F-16F7-4668-BE54-9A1E7A4F7556}") = "L03Console", "L03Console.csproj", "{D30C3ED7-CC12-4154-8AB7-D3D0EFAB6B6E}"
EndProject
Global
	GlobalSection(SolutionConfigurationPlatforms) = preSolution
		Debug|Any CPU = Debug|Any CPU
		Release|Any CPU = Release|Any CPU
	EndGlobalSection
	GlobalSection(ProjectConfigurationPlatforms) = postSolution
		{D30C3ED7-CC12-4154-8AB7-D3D0EFAB6B6E}.Debug|Any CPU.ActiveCfg = Debug|Any CPU
		{D30C3ED7-CC12-4154-8AB7-D3D0EFAB6B6E}.Debug|Any CPU.Build.0 = Debug|Any CPU
		{D30C3ED7-CC12-4154-8AB7-D3D0EFAB6B6E}.Release|Any CPU.ActiveCfg = Release|Any CPU
		{D30C3ED7-CC12-4154-8AB7-D3D0EFAB6B6E}.Release|Any CPU.Build.0 = Release|Any CPU
	EndGlobalSection
	GlobalSection(SolutionProperties) = preSolution
		HideSolutionNode = FALSE
	EndGlobalSection
	GlobalSection(ExtensibilityGlobals) = postSolution
		SolutionGuid = {1BCC374E-9AFD-4EF6-871D-C935C2E069D5}
	EndGlobalSection
EndGlobal
